
Microsoft Visual Studio Solution File, Format Version 12.00
# Visual Studio Version 16
VisualStudioVersion = 16.0.34301.259
MinimumVisualStudioVersion = 10.0.40219.1
Project("{FAE04EC0-301F-11D3-BF4B-00C04F79EFBC}") = "TobbElem", "TobbElem\TobbElem.csproj", "{DDB6F6BE-C4AE-49E5-8D11-F33ACAA9F338}"
EndProject
Global
	GlobalSection(SolutionConfigurationPlatforms) = preSolution
		Debug|Any CPU = Debug|Any CPU
		Release|Any CPU = Release|Any CPU
	EndGlobalSection
	GlobalSection(ProjectConfigurationPlatforms) = postSolution
		{DDB6F6BE-C4AE-49E5-8D11-F33ACAA9F338}.Debug|Any CPU.ActiveCfg = Debug|Any CPU
		{DDB6F6BE-C4AE-49E5-8D11-F33ACAA9F338}.Debug|Any CPU.Build.0 = Debug|Any CPU
		{DDB6F6BE-C4AE-49E5-8D11-F33ACAA9F338}.Release|Any CPU.ActiveCfg = Release|Any CPU
		{DDB6F6BE-C4AE-49E5-8D11-F33ACAA9F338}.Release|Any CPU.Build.0 = Release|Any CPU
	EndGlobalSection
	GlobalSection(SolutionProperties) = preSolution
		HideSolutionNode = FALSE
	EndGlobalSection
	GlobalSection(ExtensibilityGlobals) = postSolution
		SolutionGuid = {CB0EE67E-646C-44B1-96C8-23C521745213}
	EndGlobalSection
EndGlobal
